// !$*UTF8*$!
{
	archiveVersion = 1;
	classes = {
	};
	objectVersion = 55;
	objects = {

/* Begin PBXBuildFile section */
		1202A98028440AF000225FED /* GFItemInfoView.swift in Sources */ = {isa = PBXBuildFile; fileRef = 1202A97F28440AF000225FED /* GFItemInfoView.swift */; };
		12087DFC28250BAC00ED8EBE /* GFButton.swift in Sources */ = {isa = PBXBuildFile; fileRef = 12087DFB28250BAC00ED8EBE /* GFButton.swift */; };
		121B4A772834541B00750063 /* UIHelper.swift in Sources */ = {isa = PBXBuildFile; fileRef = 121B4A762834541B00750063 /* UIHelper.swift */; };
		12228D77284811510005A9FF /* Constants.swift in Sources */ = {isa = PBXBuildFile; fileRef = 12228D76284811510005A9FF /* Constants.swift */; };
		12228D79284816770005A9FF /* GFItemInfoVC.swift in Sources */ = {isa = PBXBuildFile; fileRef = 12228D78284816770005A9FF /* GFItemInfoVC.swift */; };
		1230E890282D5E6500A4903B /* FollowerCell.swift in Sources */ = {isa = PBXBuildFile; fileRef = 1230E88F282D5E6500A4903B /* FollowerCell.swift */; };
		1230E892282D610000A4903B /* GFAvatarImageView.swift in Sources */ = {isa = PBXBuildFile; fileRef = 1230E891282D610000A4903B /* GFAvatarImageView.swift */; };
		1240A5FB2857E1310076F6F4 /* GFDataLoadingVC.swift in Sources */ = {isa = PBXBuildFile; fileRef = 1240A5FA2857E1310076F6F4 /* GFDataLoadingVC.swift */; };
		1243DD98284A765F00B0D8AB /* GFRepoItemVC.swift in Sources */ = {isa = PBXBuildFile; fileRef = 1243DD97284A765F00B0D8AB /* GFRepoItemVC.swift */; };
		124F70042854E510004F3BC1 /* GFTabBarController.swift in Sources */ = {isa = PBXBuildFile; fileRef = 124F70032854E510004F3BC1 /* GFTabBarController.swift */; };
		12526C422852849900A8354C /* FavoriteCell.swift in Sources */ = {isa = PBXBuildFile; fileRef = 12526C412852849900A8354C /* FavoriteCell.swift */; };
		12637724282983550035BB7A /* NetworkManager.swift in Sources */ = {isa = PBXBuildFile; fileRef = 12637723282983550035BB7A /* NetworkManager.swift */; };
		1263772A282A9FE80035BB7A /* ErrorMessage.swift in Sources */ = {isa = PBXBuildFile; fileRef = 12637729282A9FE80035BB7A /* ErrorMessage.swift */; };
		126BB998282650B600363534 /* GFTitleLabel.swift in Sources */ = {isa = PBXBuildFile; fileRef = 126BB997282650B600363534 /* GFTitleLabel.swift */; };
		126BB99A2826540600363534 /* GFBodyLabel.swift in Sources */ = {isa = PBXBuildFile; fileRef = 126BB9992826540600363534 /* GFBodyLabel.swift */; };
		126BB99C2826552300363534 /* GFAlertVC.swift in Sources */ = {isa = PBXBuildFile; fileRef = 126BB99B2826552300363534 /* GFAlertVC.swift */; };
		126BB99E282669DB00363534 /* UIViewController+Ext.swift in Sources */ = {isa = PBXBuildFile; fileRef = 126BB99D282669DB00363534 /* UIViewController+Ext.swift */; };
		12874C252845614A00F32830 /* Date+Ext.swift in Sources */ = {isa = PBXBuildFile; fileRef = 12874C242845614A00F32830 /* Date+Ext.swift */; };
		12874C2928456B5A00F32830 /* PersistenceManager.swift in Sources */ = {isa = PBXBuildFile; fileRef = 12874C2828456B5A00F32830 /* PersistenceManager.swift */; };
		129BA7F0281F325A005251B7 /* AppDelegate.swift in Sources */ = {isa = PBXBuildFile; fileRef = 129BA7EF281F325A005251B7 /* AppDelegate.swift */; };
		129BA7F2281F325A005251B7 /* SceneDelegate.swift in Sources */ = {isa = PBXBuildFile; fileRef = 129BA7F1281F325A005251B7 /* SceneDelegate.swift */; };
		129BA7F9281F325D005251B7 /* Assets.xcassets in Resources */ = {isa = PBXBuildFile; fileRef = 129BA7F8281F325D005251B7 /* Assets.xcassets */; };
		129BA7FC281F325D005251B7 /* LaunchScreen.storyboard in Resources */ = {isa = PBXBuildFile; fileRef = 129BA7FA281F325D005251B7 /* LaunchScreen.storyboard */; };
		129BA804281F358B005251B7 /* GFTextField.swift in Sources */ = {isa = PBXBuildFile; fileRef = 129BA803281F358A005251B7 /* GFTextField.swift */; };
		12B84D1D2837CCA000486075 /* GFEmptyStateView.swift in Sources */ = {isa = PBXBuildFile; fileRef = 12B84D1C2837CCA000486075 /* GFEmptyStateView.swift */; };
		12D8276A2827C8A300B11E7D /* GFAlertContainerView.swift in Sources */ = {isa = PBXBuildFile; fileRef = 12D827692827C8A300B11E7D /* GFAlertContainerView.swift */; };
		12D8276C2827DC4900B11E7D /* Follower.swift in Sources */ = {isa = PBXBuildFile; fileRef = 12D8276B2827DC4900B11E7D /* Follower.swift */; };
		12D8276F2827DFA400B11E7D /* User.swift in Sources */ = {isa = PBXBuildFile; fileRef = 12D8276E2827DFA400B11E7D /* User.swift */; };
		12DD686A284BEA7100A905C6 /* GFFollowerItemVC.swift in Sources */ = {isa = PBXBuildFile; fileRef = 12DD6869284BEA7100A905C6 /* GFFollowerItemVC.swift */; };
		12E553C7283EBF580067B309 /* UserInfoVC.swift in Sources */ = {isa = PBXBuildFile; fileRef = 12E553C6283EBF580067B309 /* UserInfoVC.swift */; };
		12E5EBF02860D9D4003613B8 /* UIView+Ext.swift in Sources */ = {isa = PBXBuildFile; fileRef = 12E5EBEF2860D9D4003613B8 /* UIView+Ext.swift */; };
		12E5EBF228610C9D003613B8 /* UITableView+Ext.swift in Sources */ = {isa = PBXBuildFile; fileRef = 12E5EBF128610C9D003613B8 /* UITableView+Ext.swift */; };
		12F353BC2824DF5F0055F5EA /* SearchVC.swift in Sources */ = {isa = PBXBuildFile; fileRef = 12F353BB2824DF5F0055F5EA /* SearchVC.swift */; };
		12F353BE2824DF7A0055F5EA /* FavoritesListVC.swift in Sources */ = {isa = PBXBuildFile; fileRef = 12F353BD2824DF7A0055F5EA /* FavoritesListVC.swift */; };
		12F5637428429C7800F08404 /* UserInfoHeaderVC.swift in Sources */ = {isa = PBXBuildFile; fileRef = 12F5637328429C7800F08404 /* UserInfoHeaderVC.swift */; };
		12F5637628429D1800F08404 /* GFSecondaryTitleLabel.swift in Sources */ = {isa = PBXBuildFile; fileRef = 12F5637528429D1800F08404 /* GFSecondaryTitleLabel.swift */; };
		12F64E6128254160002FA80B /* FollowerListVC.swift in Sources */ = {isa = PBXBuildFile; fileRef = 12F64E6028254160002FA80B /* FollowerListVC.swift */; };
/* End PBXBuildFile section */

/* Begin PBXFileReference section */
		1202A97F28440AF000225FED /* GFItemInfoView.swift */ = {isa = PBXFileReference; lastKnownFileType = sourcecode.swift; path = GFItemInfoView.swift; sourceTree = "<group>"; };
		12087DFB28250BAC00ED8EBE /* GFButton.swift */ = {isa = PBXFileReference; lastKnownFileType = sourcecode.swift; path = GFButton.swift; sourceTree = "<group>"; };
		121B4A762834541B00750063 /* UIHelper.swift */ = {isa = PBXFileReference; lastKnownFileType = sourcecode.swift; path = UIHelper.swift; sourceTree = "<group>"; };
		12228D76284811510005A9FF /* Constants.swift */ = {isa = PBXFileReference; lastKnownFileType = sourcecode.swift; path = Constants.swift; sourceTree = "<group>"; };
		12228D78284816770005A9FF /* GFItemInfoVC.swift */ = {isa = PBXFileReference; lastKnownFileType = sourcecode.swift; path = GFItemInfoVC.swift; sourceTree = "<group>"; };
		1230E88F282D5E6500A4903B /* FollowerCell.swift */ = {isa = PBXFileReference; lastKnownFileType = sourcecode.swift; path = FollowerCell.swift; sourceTree = "<group>"; };
		1230E891282D610000A4903B /* GFAvatarImageView.swift */ = {isa = PBXFileReference; lastKnownFileType = sourcecode.swift; path = GFAvatarImageView.swift; sourceTree = "<group>"; };
		1240A5FA2857E1310076F6F4 /* GFDataLoadingVC.swift */ = {isa = PBXFileReference; lastKnownFileType = sourcecode.swift; path = GFDataLoadingVC.swift; sourceTree = "<group>"; };
		1243DD97284A765F00B0D8AB /* GFRepoItemVC.swift */ = {isa = PBXFileReference; lastKnownFileType = sourcecode.swift; path = GFRepoItemVC.swift; sourceTree = "<group>"; };
		124F70032854E510004F3BC1 /* GFTabBarController.swift */ = {isa = PBXFileReference; lastKnownFileType = sourcecode.swift; path = GFTabBarController.swift; sourceTree = "<group>"; };
		12526C412852849900A8354C /* FavoriteCell.swift */ = {isa = PBXFileReference; lastKnownFileType = sourcecode.swift; path = FavoriteCell.swift; sourceTree = "<group>"; };
		12637723282983550035BB7A /* NetworkManager.swift */ = {isa = PBXFileReference; lastKnownFileType = sourcecode.swift; path = NetworkManager.swift; sourceTree = "<group>"; };
		12637729282A9FE80035BB7A /* ErrorMessage.swift */ = {isa = PBXFileReference; lastKnownFileType = sourcecode.swift; path = ErrorMessage.swift; sourceTree = "<group>"; };
		126BB997282650B600363534 /* GFTitleLabel.swift */ = {isa = PBXFileReference; lastKnownFileType = sourcecode.swift; path = GFTitleLabel.swift; sourceTree = "<group>"; };
		126BB9992826540600363534 /* GFBodyLabel.swift */ = {isa = PBXFileReference; lastKnownFileType = sourcecode.swift; path = GFBodyLabel.swift; sourceTree = "<group>"; };
		126BB99B2826552300363534 /* GFAlertVC.swift */ = {isa = PBXFileReference; lastKnownFileType = sourcecode.swift; path = GFAlertVC.swift; sourceTree = "<group>"; };
		126BB99D282669DB00363534 /* UIViewController+Ext.swift */ = {isa = PBXFileReference; lastKnownFileType = sourcecode.swift; path = "UIViewController+Ext.swift"; sourceTree = "<group>"; };
		12874C242845614A00F32830 /* Date+Ext.swift */ = {isa = PBXFileReference; lastKnownFileType = sourcecode.swift; path = "Date+Ext.swift"; sourceTree = "<group>"; };
		12874C2828456B5A00F32830 /* PersistenceManager.swift */ = {isa = PBXFileReference; lastKnownFileType = sourcecode.swift; path = PersistenceManager.swift; sourceTree = "<group>"; };
		129BA7EC281F325A005251B7 /* Github Followers.app */ = {isa = PBXFileReference; explicitFileType = wrapper.application; includeInIndex = 0; path = "Github Followers.app"; sourceTree = BUILT_PRODUCTS_DIR; };
		129BA7EF281F325A005251B7 /* AppDelegate.swift */ = {isa = PBXFileReference; lastKnownFileType = sourcecode.swift; path = AppDelegate.swift; sourceTree = "<group>"; };
		129BA7F1281F325A005251B7 /* SceneDelegate.swift */ = {isa = PBXFileReference; lastKnownFileType = sourcecode.swift; path = SceneDelegate.swift; sourceTree = "<group>"; };
		129BA7F8281F325D005251B7 /* Assets.xcassets */ = {isa = PBXFileReference; lastKnownFileType = folder.assetcatalog; path = Assets.xcassets; sourceTree = "<group>"; };
		129BA7FB281F325D005251B7 /* Base */ = {isa = PBXFileReference; lastKnownFileType = file.storyboard; name = Base; path = Base.lproj/LaunchScreen.storyboard; sourceTree = "<group>"; };
		129BA7FD281F325D005251B7 /* Info.plist */ = {isa = PBXFileReference; lastKnownFileType = text.plist.xml; path = Info.plist; sourceTree = "<group>"; };
		129BA803281F358A005251B7 /* GFTextField.swift */ = {isa = PBXFileReference; lastKnownFileType = sourcecode.swift; path = GFTextField.swift; sourceTree = "<group>"; };
		12B84D1C2837CCA000486075 /* GFEmptyStateView.swift */ = {isa = PBXFileReference; lastKnownFileType = sourcecode.swift; path = GFEmptyStateView.swift; sourceTree = "<group>"; };
		12D827692827C8A300B11E7D /* GFAlertContainerView.swift */ = {isa = PBXFileReference; lastKnownFileType = sourcecode.swift; path = GFAlertContainerView.swift; sourceTree = "<group>"; };
		12D8276B2827DC4900B11E7D /* Follower.swift */ = {isa = PBXFileReference; lastKnownFileType = sourcecode.swift; path = Follower.swift; sourceTree = "<group>"; };
		12D8276E2827DFA400B11E7D /* User.swift */ = {isa = PBXFileReference; lastKnownFileType = sourcecode.swift; path = User.swift; sourceTree = "<group>"; };
		12DD6869284BEA7100A905C6 /* GFFollowerItemVC.swift */ = {isa = PBXFileReference; lastKnownFileType = sourcecode.swift; path = GFFollowerItemVC.swift; sourceTree = "<group>"; };
		12E553C6283EBF580067B309 /* UserInfoVC.swift */ = {isa = PBXFileReference; lastKnownFileType = sourcecode.swift; path = UserInfoVC.swift; sourceTree = "<group>"; };
		12E5EBEF2860D9D4003613B8 /* UIView+Ext.swift */ = {isa = PBXFileReference; lastKnownFileType = sourcecode.swift; path = "UIView+Ext.swift"; sourceTree = "<group>"; };
		12E5EBF128610C9D003613B8 /* UITableView+Ext.swift */ = {isa = PBXFileReference; lastKnownFileType = sourcecode.swift; path = "UITableView+Ext.swift"; sourceTree = "<group>"; };
		12F353BB2824DF5F0055F5EA /* SearchVC.swift */ = {isa = PBXFileReference; lastKnownFileType = sourcecode.swift; path = SearchVC.swift; sourceTree = "<group>"; };
		12F353BD2824DF7A0055F5EA /* FavoritesListVC.swift */ = {isa = PBXFileReference; lastKnownFileType = sourcecode.swift; path = FavoritesListVC.swift; sourceTree = "<group>"; };
		12F5637328429C7800F08404 /* UserInfoHeaderVC.swift */ = {isa = PBXFileReference; lastKnownFileType = sourcecode.swift; path = UserInfoHeaderVC.swift; sourceTree = "<group>"; };
		12F5637528429D1800F08404 /* GFSecondaryTitleLabel.swift */ = {isa = PBXFileReference; lastKnownFileType = sourcecode.swift; path = GFSecondaryTitleLabel.swift; sourceTree = "<group>"; };
		12F64E6028254160002FA80B /* FollowerListVC.swift */ = {isa = PBXFileReference; lastKnownFileType = sourcecode.swift; path = FollowerListVC.swift; sourceTree = "<group>"; };
/* End PBXFileReference section */

/* Begin PBXFrameworksBuildPhase section */
		129BA7E9281F325A005251B7 /* Frameworks */ = {
			isa = PBXFrameworksBuildPhase;
			buildActionMask = 2147483647;
			files = (
			);
			runOnlyForDeploymentPostprocessing = 0;
		};
/* End PBXFrameworksBuildPhase section */

/* Begin PBXGroup section */
		1230E88D282D5D1B00A4903B /* Managers */ = {
			isa = PBXGroup;
			children = (
				12637723282983550035BB7A /* NetworkManager.swift */,
				12874C2828456B5A00F32830 /* PersistenceManager.swift */,
			);
			path = Managers;
			sourceTree = "<group>";
		};
		1230E88E282D5E4900A4903B /* Cells */ = {
			isa = PBXGroup;
			children = (
				1230E88F282D5E6500A4903B /* FollowerCell.swift */,
				12526C412852849900A8354C /* FavoriteCell.swift */,
			);
			path = Cells;
			sourceTree = "<group>";
		};
		124F70022854E4D5004F3BC1 /* TabBarControllers */ = {
			isa = PBXGroup;
			children = (
				124F70032854E510004F3BC1 /* GFTabBarController.swift */,
			);
			path = TabBarControllers;
			sourceTree = "<group>";
		};
		12637728282A9FD60035BB7A /* Utilities */ = {
			isa = PBXGroup;
			children = (
				12637729282A9FE80035BB7A /* ErrorMessage.swift */,
				121B4A762834541B00750063 /* UIHelper.swift */,
				12228D76284811510005A9FF /* Constants.swift */,
			);
			path = Utilities;
			sourceTree = "<group>";
		};
		129BA7E3281F325A005251B7 = {
			isa = PBXGroup;
			children = (
				129BA7EE281F325A005251B7 /* Github Followers */,
				129BA7ED281F325A005251B7 /* Products */,
			);
			sourceTree = "<group>";
		};
		129BA7ED281F325A005251B7 /* Products */ = {
			isa = PBXGroup;
			children = (
				129BA7EC281F325A005251B7 /* Github Followers.app */,
			);
			name = Products;
			sourceTree = "<group>";
		};
		129BA7EE281F325A005251B7 /* Github Followers */ = {
			isa = PBXGroup;
			children = (
				1230E88D282D5D1B00A4903B /* Managers */,
				12D8276D2827DC4F00B11E7D /* Model */,
				12D827652827B5DE00B11E7D /* Screens */,
				12D827662827B60900B11E7D /* Custom Views */,
				12D827672827BBF600B11E7D /* Extensions */,
				12D827682827BC6200B11E7D /* Support */,
				12637728282A9FD60035BB7A /* Utilities */,
				129BA7FD281F325D005251B7 /* Info.plist */,
			);
			path = "Github Followers";
			sourceTree = "<group>";
		};
		12B84D162837C66700486075 /* Views */ = {
			isa = PBXGroup;
			children = (
				12D827692827C8A300B11E7D /* GFAlertContainerView.swift */,
				12B84D1C2837CCA000486075 /* GFEmptyStateView.swift */,
				1202A97F28440AF000225FED /* GFItemInfoView.swift */,
			);
			path = Views;
			sourceTree = "<group>";
		};
		12B84D172837C67100486075 /* Buttons */ = {
			isa = PBXGroup;
			children = (
				12087DFB28250BAC00ED8EBE /* GFButton.swift */,
			);
			path = Buttons;
			sourceTree = "<group>";
		};
		12B84D182837C68900486075 /* TextFields */ = {
			isa = PBXGroup;
			children = (
				129BA803281F358A005251B7 /* GFTextField.swift */,
			);
			path = TextFields;
			sourceTree = "<group>";
		};
		12B84D192837C69500486075 /* ImageViews */ = {
			isa = PBXGroup;
			children = (
				1230E891282D610000A4903B /* GFAvatarImageView.swift */,
			);
			path = ImageViews;
			sourceTree = "<group>";
		};
		12B84D1A2837C6A300486075 /* ViewControllers */ = {
			isa = PBXGroup;
			children = (
				12DD686B284BEB7700A905C6 /* ItemInfoVCs */,
				126BB99B2826552300363534 /* GFAlertVC.swift */,
				12F5637328429C7800F08404 /* UserInfoHeaderVC.swift */,
				1240A5FA2857E1310076F6F4 /* GFDataLoadingVC.swift */,
			);
			path = ViewControllers;
			sourceTree = "<group>";
		};
		12B84D1B2837C6F000486075 /* Labels */ = {
			isa = PBXGroup;
			children = (
				126BB997282650B600363534 /* GFTitleLabel.swift */,
				12F5637528429D1800F08404 /* GFSecondaryTitleLabel.swift */,
				126BB9992826540600363534 /* GFBodyLabel.swift */,
			);
			path = Labels;
			sourceTree = "<group>";
		};
		12D827652827B5DE00B11E7D /* Screens */ = {
			isa = PBXGroup;
			children = (
				12F353BB2824DF5F0055F5EA /* SearchVC.swift */,
				12F64E6028254160002FA80B /* FollowerListVC.swift */,
				12E553C6283EBF580067B309 /* UserInfoVC.swift */,
				12F353BD2824DF7A0055F5EA /* FavoritesListVC.swift */,
			);
			path = Screens;
			sourceTree = "<group>";
		};
		12D827662827B60900B11E7D /* Custom Views */ = {
			isa = PBXGroup;
			children = (
				124F70022854E4D5004F3BC1 /* TabBarControllers */,
				12B84D1B2837C6F000486075 /* Labels */,
				12B84D1A2837C6A300486075 /* ViewControllers */,
				12B84D192837C69500486075 /* ImageViews */,
				12B84D182837C68900486075 /* TextFields */,
				12B84D172837C67100486075 /* Buttons */,
				12B84D162837C66700486075 /* Views */,
				1230E88E282D5E4900A4903B /* Cells */,
			);
			path = "Custom Views";
			sourceTree = "<group>";
		};
		12D827672827BBF600B11E7D /* Extensions */ = {
			isa = PBXGroup;
			children = (
				126BB99D282669DB00363534 /* UIViewController+Ext.swift */,
				12874C242845614A00F32830 /* Date+Ext.swift */,
				12E5EBEF2860D9D4003613B8 /* UIView+Ext.swift */,
				12E5EBF128610C9D003613B8 /* UITableView+Ext.swift */,
			);
			path = Extensions;
			sourceTree = "<group>";
		};
		12D827682827BC6200B11E7D /* Support */ = {
			isa = PBXGroup;
			children = (
				129BA7F8281F325D005251B7 /* Assets.xcassets */,
				129BA7FA281F325D005251B7 /* LaunchScreen.storyboard */,
				129BA7EF281F325A005251B7 /* AppDelegate.swift */,
				129BA7F1281F325A005251B7 /* SceneDelegate.swift */,
			);
			path = Support;
			sourceTree = "<group>";
		};
		12D8276D2827DC4F00B11E7D /* Model */ = {
			isa = PBXGroup;
			children = (
				12D8276B2827DC4900B11E7D /* Follower.swift */,
				12D8276E2827DFA400B11E7D /* User.swift */,
			);
			path = Model;
			sourceTree = "<group>";
		};
		12DD686B284BEB7700A905C6 /* ItemInfoVCs */ = {
			isa = PBXGroup;
			children = (
				12228D78284816770005A9FF /* GFItemInfoVC.swift */,
				1243DD97284A765F00B0D8AB /* GFRepoItemVC.swift */,
				12DD6869284BEA7100A905C6 /* GFFollowerItemVC.swift */,
			);
			path = ItemInfoVCs;
			sourceTree = "<group>";
		};
/* End PBXGroup section */

/* Begin PBXNativeTarget section */
		129BA7EB281F325A005251B7 /* Github Followers */ = {
			isa = PBXNativeTarget;
			buildConfigurationList = 129BA800281F325D005251B7 /* Build configuration list for PBXNativeTarget "Github Followers" */;
			buildPhases = (
				129BA7E8281F325A005251B7 /* Sources */,
				129BA7E9281F325A005251B7 /* Frameworks */,
				129BA7EA281F325A005251B7 /* Resources */,
			);
			buildRules = (
			);
			dependencies = (
			);
			name = "Github Followers";
			productName = "Github Followers";
			productReference = 129BA7EC281F325A005251B7 /* Github Followers.app */;
			productType = "com.apple.product-type.application";
		};
/* End PBXNativeTarget section */

/* Begin PBXProject section */
		129BA7E4281F325A005251B7 /* Project object */ = {
			isa = PBXProject;
			attributes = {
				BuildIndependentTargetsInParallel = 1;
				LastSwiftUpdateCheck = 1330;
				LastUpgradeCheck = 1330;
				TargetAttributes = {
					129BA7EB281F325A005251B7 = {
						CreatedOnToolsVersion = 13.3.1;
					};
				};
			};
			buildConfigurationList = 129BA7E7281F325A005251B7 /* Build configuration list for PBXProject "Github Followers" */;
			compatibilityVersion = "Xcode 13.0";
			developmentRegion = en;
			hasScannedForEncodings = 0;
			knownRegions = (
				en,
				Base,
			);
			mainGroup = 129BA7E3281F325A005251B7;
			productRefGroup = 129BA7ED281F325A005251B7 /* Products */;
			projectDirPath = "";
			projectRoot = "";
			targets = (
				129BA7EB281F325A005251B7 /* Github Followers */,
			);
		};
/* End PBXProject section */

/* Begin PBXResourcesBuildPhase section */
		129BA7EA281F325A005251B7 /* Resources */ = {
			isa = PBXResourcesBuildPhase;
			buildActionMask = 2147483647;
			files = (
				129BA7FC281F325D005251B7 /* LaunchScreen.storyboard in Resources */,
				129BA7F9281F325D005251B7 /* Assets.xcassets in Resources */,
			);
			runOnlyForDeploymentPostprocessing = 0;
		};
/* End PBXResourcesBuildPhase section */

/* Begin PBXSourcesBuildPhase section */
		129BA7E8281F325A005251B7 /* Sources */ = {
			isa = PBXSourcesBuildPhase;
			buildActionMask = 2147483647;
			files = (
				12E5EBF02860D9D4003613B8 /* UIView+Ext.swift in Sources */,
				12F5637628429D1800F08404 /* GFSecondaryTitleLabel.swift in Sources */,
				1243DD98284A765F00B0D8AB /* GFRepoItemVC.swift in Sources */,
				126BB998282650B600363534 /* GFTitleLabel.swift in Sources */,
				12228D79284816770005A9FF /* GFItemInfoVC.swift in Sources */,
				12F353BE2824DF7A0055F5EA /* FavoritesListVC.swift in Sources */,
				12874C252845614A00F32830 /* Date+Ext.swift in Sources */,
				126BB99E282669DB00363534 /* UIViewController+Ext.swift in Sources */,
				12874C2928456B5A00F32830 /* PersistenceManager.swift in Sources */,
				12F353BC2824DF5F0055F5EA /* SearchVC.swift in Sources */,
				12087DFC28250BAC00ED8EBE /* GFButton.swift in Sources */,
				1240A5FB2857E1310076F6F4 /* GFDataLoadingVC.swift in Sources */,
				12228D77284811510005A9FF /* Constants.swift in Sources */,
				12B84D1D2837CCA000486075 /* GFEmptyStateView.swift in Sources */,
				126BB99C2826552300363534 /* GFAlertVC.swift in Sources */,
				12D8276F2827DFA400B11E7D /* User.swift in Sources */,
				129BA7F0281F325A005251B7 /* AppDelegate.swift in Sources */,
				12526C422852849900A8354C /* FavoriteCell.swift in Sources */,
				12DD686A284BEA7100A905C6 /* GFFollowerItemVC.swift in Sources */,
				1230E892282D610000A4903B /* GFAvatarImageView.swift in Sources */,
				12D8276C2827DC4900B11E7D /* Follower.swift in Sources */,
				12E553C7283EBF580067B309 /* UserInfoVC.swift in Sources */,
				12F5637428429C7800F08404 /* UserInfoHeaderVC.swift in Sources */,
				12F64E6128254160002FA80B /* FollowerListVC.swift in Sources */,
				12D8276A2827C8A300B11E7D /* GFAlertContainerView.swift in Sources */,
				129BA804281F358B005251B7 /* GFTextField.swift in Sources */,
				1263772A282A9FE80035BB7A /* ErrorMessage.swift in Sources */,
				12637724282983550035BB7A /* NetworkManager.swift in Sources */,
				1202A98028440AF000225FED /* GFItemInfoView.swift in Sources */,
				121B4A772834541B00750063 /* UIHelper.swift in Sources */,
				129BA7F2281F325A005251B7 /* SceneDelegate.swift in Sources */,
				126BB99A2826540600363534 /* GFBodyLabel.swift in Sources */,
				12E5EBF228610C9D003613B8 /* UITableView+Ext.swift in Sources */,
				1230E890282D5E6500A4903B /* FollowerCell.swift in Sources */,
				124F70042854E510004F3BC1 /* GFTabBarController.swift in Sources */,
			);
			runOnlyForDeploymentPostprocessing = 0;
		};
/* End PBXSourcesBuildPhase section */

/* Begin PBXVariantGroup section */
		129BA7FA281F325D005251B7 /* LaunchScreen.storyboard */ = {
			isa = PBXVariantGroup;
			children = (
				129BA7FB281F325D005251B7 /* Base */,
			);
			name = LaunchScreen.storyboard;
			sourceTree = "<group>";
		};
/* End PBXVariantGroup section */

/* Begin XCBuildConfiguration section */
		129BA7FE281F325D005251B7 /* Debug */ = {
			isa = XCBuildConfiguration;
			buildSettings = {
				ALWAYS_SEARCH_USER_PATHS = NO;
				CLANG_ANALYZER_NONNULL = YES;
				CLANG_ANALYZER_NUMBER_OBJECT_CONVERSION = YES_AGGRESSIVE;
				CLANG_CXX_LANGUAGE_STANDARD = "gnu++17";
				CLANG_ENABLE_MODULES = YES;
				CLANG_ENABLE_OBJC_ARC = YES;
				CLANG_ENABLE_OBJC_WEAK = YES;
				CLANG_WARN_BLOCK_CAPTURE_AUTORELEASING = YES;
				CLANG_WARN_BOOL_CONVERSION = YES;
				CLANG_WARN_COMMA = YES;
				CLANG_WARN_CONSTANT_CONVERSION = YES;
				CLANG_WARN_DEPRECATED_OBJC_IMPLEMENTATIONS = YES;
				CLANG_WARN_DIRECT_OBJC_ISA_USAGE = YES_ERROR;
				CLANG_WARN_DOCUMENTATION_COMMENTS = YES;
				CLANG_WARN_EMPTY_BODY = YES;
				CLANG_WARN_ENUM_CONVERSION = YES;
				CLANG_WARN_INFINITE_RECURSION = YES;
				CLANG_WARN_INT_CONVERSION = YES;
				CLANG_WARN_NON_LITERAL_NULL_CONVERSION = YES;
				CLANG_WARN_OBJC_IMPLICIT_RETAIN_SELF = YES;
				CLANG_WARN_OBJC_LITERAL_CONVERSION = YES;
				CLANG_WARN_OBJC_ROOT_CLASS = YES_ERROR;
				CLANG_WARN_QUOTED_INCLUDE_IN_FRAMEWORK_HEADER = YES;
				CLANG_WARN_RANGE_LOOP_ANALYSIS = YES;
				CLANG_WARN_STRICT_PROTOTYPES = YES;
				CLANG_WARN_SUSPICIOUS_MOVE = YES;
				CLANG_WARN_UNGUARDED_AVAILABILITY = YES_AGGRESSIVE;
				CLANG_WARN_UNREACHABLE_CODE = YES;
				CLANG_WARN__DUPLICATE_METHOD_MATCH = YES;
				COPY_PHASE_STRIP = NO;
				DEBUG_INFORMATION_FORMAT = dwarf;
				ENABLE_STRICT_OBJC_MSGSEND = YES;
				ENABLE_TESTABILITY = YES;
				GCC_C_LANGUAGE_STANDARD = gnu11;
				GCC_DYNAMIC_NO_PIC = NO;
				GCC_NO_COMMON_BLOCKS = YES;
				GCC_OPTIMIZATION_LEVEL = 0;
				GCC_PREPROCESSOR_DEFINITIONS = (
					"DEBUG=1",
					"$(inherited)",
				);
				GCC_WARN_64_TO_32_BIT_CONVERSION = YES;
				GCC_WARN_ABOUT_RETURN_TYPE = YES_ERROR;
				GCC_WARN_UNDECLARED_SELECTOR = YES;
				GCC_WARN_UNINITIALIZED_AUTOS = YES_AGGRESSIVE;
				GCC_WARN_UNUSED_FUNCTION = YES;
				GCC_WARN_UNUSED_VARIABLE = YES;
				IPHONEOS_DEPLOYMENT_TARGET = 15.5;
				MTL_ENABLE_DEBUG_INFO = INCLUDE_SOURCE;
				MTL_FAST_MATH = YES;
				ONLY_ACTIVE_ARCH = YES;
				SDKROOT = iphoneos;
				SWIFT_ACTIVE_COMPILATION_CONDITIONS = DEBUG;
				SWIFT_OPTIMIZATION_LEVEL = "-Onone";
			};
			name = Debug;
		};
		129BA7FF281F325D005251B7 /* Release */ = {
			isa = XCBuildConfiguration;
			buildSettings = {
				ALWAYS_SEARCH_USER_PATHS = NO;
				CLANG_ANALYZER_NONNULL = YES;
				CLANG_ANALYZER_NUMBER_OBJECT_CONVERSION = YES_AGGRESSIVE;
				CLANG_CXX_LANGUAGE_STANDARD = "gnu++17";
				CLANG_ENABLE_MODULES = YES;
				CLANG_ENABLE_OBJC_ARC = YES;
				CLANG_ENABLE_OBJC_WEAK = YES;
				CLANG_WARN_BLOCK_CAPTURE_AUTORELEASING = YES;
				CLANG_WARN_BOOL_CONVERSION = YES;
				CLANG_WARN_COMMA = YES;
				CLANG_WARN_CONSTANT_CONVERSION = YES;
				CLANG_WARN_DEPRECATED_OBJC_IMPLEMENTATIONS = YES;
				CLANG_WARN_DIRECT_OBJC_ISA_USAGE = YES_ERROR;
				CLANG_WARN_DOCUMENTATION_COMMENTS = YES;
				CLANG_WARN_EMPTY_BODY = YES;
				CLANG_WARN_ENUM_CONVERSION = YES;
				CLANG_WARN_INFINITE_RECURSION = YES;
				CLANG_WARN_INT_CONVERSION = YES;
				CLANG_WARN_NON_LITERAL_NULL_CONVERSION = YES;
				CLANG_WARN_OBJC_IMPLICIT_RETAIN_SELF = YES;
				CLANG_WARN_OBJC_LITERAL_CONVERSION = YES;
				CLANG_WARN_OBJC_ROOT_CLASS = YES_ERROR;
				CLANG_WARN_QUOTED_INCLUDE_IN_FRAMEWORK_HEADER = YES;
				CLANG_WARN_RANGE_LOOP_ANALYSIS = YES;
				CLANG_WARN_STRICT_PROTOTYPES = YES;
				CLANG_WARN_SUSPICIOUS_MOVE = YES;
				CLANG_WARN_UNGUARDED_AVAILABILITY = YES_AGGRESSIVE;
				CLANG_WARN_UNREACHABLE_CODE = YES;
				CLANG_WARN__DUPLICATE_METHOD_MATCH = YES;
				COPY_PHASE_STRIP = NO;
				DEBUG_INFORMATION_FORMAT = "dwarf-with-dsym";
				ENABLE_NS_ASSERTIONS = NO;
				ENABLE_STRICT_OBJC_MSGSEND = YES;
				GCC_C_LANGUAGE_STANDARD = gnu11;
				GCC_NO_COMMON_BLOCKS = YES;
				GCC_WARN_64_TO_32_BIT_CONVERSION = YES;
				GCC_WARN_ABOUT_RETURN_TYPE = YES_ERROR;
				GCC_WARN_UNDECLARED_SELECTOR = YES;
				GCC_WARN_UNINITIALIZED_AUTOS = YES_AGGRESSIVE;
				GCC_WARN_UNUSED_FUNCTION = YES;
				GCC_WARN_UNUSED_VARIABLE = YES;
				IPHONEOS_DEPLOYMENT_TARGET = 15.5;
				MTL_ENABLE_DEBUG_INFO = NO;
				MTL_FAST_MATH = YES;
				SDKROOT = iphoneos;
				SWIFT_COMPILATION_MODE = wholemodule;
				SWIFT_OPTIMIZATION_LEVEL = "-O";
				VALIDATE_PRODUCT = YES;
			};
			name = Release;
		};
		129BA801281F325D005251B7 /* Debug */ = {
			isa = XCBuildConfiguration;
			buildSettings = {
				ASSETCATALOG_COMPILER_APPICON_NAME = AppIcon;
				ASSETCATALOG_COMPILER_GLOBAL_ACCENT_COLOR_NAME = AccentColor;
				CODE_SIGN_STYLE = Automatic;
				CURRENT_PROJECT_VERSION = 1;
				DEVELOPMENT_TEAM = RPQ3VF2JBZ;
				GENERATE_INFOPLIST_FILE = YES;
				INFOPLIST_FILE = "Github Followers/Info.plist";
				INFOPLIST_KEY_UIApplicationSupportsIndirectInputEvents = YES;
				INFOPLIST_KEY_UILaunchStoryboardName = LaunchScreen;
				INFOPLIST_KEY_UISupportedInterfaceOrientations_iPad = "UIInterfaceOrientationPortrait UIInterfaceOrientationPortraitUpsideDown UIInterfaceOrientationLandscapeLeft UIInterfaceOrientationLandscapeRight";
				INFOPLIST_KEY_UISupportedInterfaceOrientations_iPhone = "UIInterfaceOrientationPortrait UIInterfaceOrientationLandscapeLeft UIInterfaceOrientationLandscapeRight";
				IPHONEOS_DEPLOYMENT_TARGET = 15.5;
				LD_RUNPATH_SEARCH_PATHS = (
					"$(inherited)",
					"@executable_path/Frameworks",
				);
				MARKETING_VERSION = 1.0;
				PRODUCT_BUNDLE_IDENTIFIER = "com.mfsaglam.Github-Followers";
				PRODUCT_NAME = "$(TARGET_NAME)";
				SWIFT_EMIT_LOC_STRINGS = YES;
				SWIFT_VERSION = 5.0;
				TARGETED_DEVICE_FAMILY = "1,2";
			};
			name = Debug;
		};
		129BA802281F325D005251B7 /* Release */ = {
			isa = XCBuildConfiguration;
			buildSettings = {
				ASSETCATALOG_COMPILER_APPICON_NAME = AppIcon;
				ASSETCATALOG_COMPILER_GLOBAL_ACCENT_COLOR_NAME = AccentColor;
				CODE_SIGN_STYLE = Automatic;
				CURRENT_PROJECT_VERSION = 1;
				DEVELOPMENT_TEAM = RPQ3VF2JBZ;
				GENERATE_INFOPLIST_FILE = YES;
				INFOPLIST_FILE = "Github Followers/Info.plist";
				INFOPLIST_KEY_UIApplicationSupportsIndirectInputEvents = YES;
				INFOPLIST_KEY_UILaunchStoryboardName = LaunchScreen;
				INFOPLIST_KEY_UISupportedInterfaceOrientations_iPad = "UIInterfaceOrientationPortrait UIInterfaceOrientationPortraitUpsideDown UIInterfaceOrientationLandscapeLeft UIInterfaceOrientationLandscapeRight";
				INFOPLIST_KEY_UISupportedInterfaceOrientations_iPhone = "UIInterfaceOrientationPortrait UIInterfaceOrientationLandscapeLeft UIInterfaceOrientationLandscapeRight";
				IPHONEOS_DEPLOYMENT_TARGET = 15.5;
				LD_RUNPATH_SEARCH_PATHS = (
					"$(inherited)",
					"@executable_path/Frameworks",
				);
				MARKETING_VERSION = 1.0;
				PRODUCT_BUNDLE_IDENTIFIER = "com.mfsaglam.Github-Followers";
				PRODUCT_NAME = "$(TARGET_NAME)";
				SWIFT_EMIT_LOC_STRINGS = YES;
				SWIFT_VERSION = 5.0;
				TARGETED_DEVICE_FAMILY = "1,2";
			};
			name = Release;
		};
/* End XCBuildConfiguration section */

/* Begin XCConfigurationList section */
		129BA7E7281F325A005251B7 /* Build configuration list for PBXProject "Github Followers" */ = {
			isa = XCConfigurationList;
			buildConfigurations = (
				129BA7FE281F325D005251B7 /* Debug */,
				129BA7FF281F325D005251B7 /* Release */,
			);
			defaultConfigurationIsVisible = 0;
			defaultConfigurationName = Release;
		};
		129BA800281F325D005251B7 /* Build configuration list for PBXNativeTarget "Github Followers" */ = {
			isa = XCConfigurationList;
			buildConfigurations = (
				129BA801281F325D005251B7 /* Debug */,
				129BA802281F325D005251B7 /* Release */,
			);
			defaultConfigurationIsVisible = 0;
			defaultConfigurationName = Release;
		};
/* End XCConfigurationList section */
	};
	rootObject = 129BA7E4281F325A005251B7 /* Project object */;
}
